
Microsoft Visual Studio Solution File, Format Version 12.00
# Visual Studio Version 17
VisualStudioVersion = 17.10.35027.167
MinimumVisualStudioVersion = 10.0.40219.1
Project("{FAE04EC0-301F-11D3-BF4B-00C04F79EFBC}") = "SonetaPartner", "SonetaPartner\SonetaPartner\SonetaPartner.csproj", "{9909AA07-6288-4D20-9FED-6BB38CDCAA6E}"
EndProject
Project("{2150E333-8FDC-42A3-9474-1A3956D46DE8}") = "Solution Items", "Solution Items", "{8774D1BC-A6A4-4A77-BF36-0B6B94A67D15}"
	ProjectSection(SolutionItems) = preProject
		Directory.Build.props = Directory.Build.props
		global.json = global.json
	EndProjectSection
EndProject
Project("{FAE04EC0-301F-11D3-BF4B-00C04F79EFBC}") = "SonetaPartner.UI", "SonetaPartner\SonetaPartner.UI\SonetaPartner.UI.csproj", "{0C9BB256-79D3-4F11-9BDC-DDACFFA21C62}"
EndProject
Project("{FAE04EC0-301F-11D3-BF4B-00C04F79EFBC}") = "SonetaPartner.Tests", "SonetaPartner\SonetaPartner.Tests\SonetaPartner.Tests.csproj", "{5551FE2B-C6F9-4BAE-B3FA-E79281A6ABE2}"
EndProject
Global
	GlobalSection(SolutionConfigurationPlatforms) = preSolution
		Debug|Any CPU = Debug|Any CPU
		Release|Any CPU = Release|Any CPU
	EndGlobalSection
	GlobalSection(ProjectConfigurationPlatforms) = postSolution
		{9909AA07-6288-4D20-9FED-6BB38CDCAA6E}.Debug|Any CPU.ActiveCfg = Debug|Any CPU
		{9909AA07-6288-4D20-9FED-6BB38CDCAA6E}.Debug|Any CPU.Build.0 = Debug|Any CPU
		{9909AA07-6288-4D20-9FED-6BB38CDCAA6E}.Release|Any CPU.ActiveCfg = Release|Any CPU
		{9909AA07-6288-4D20-9FED-6BB38CDCAA6E}.Release|Any CPU.Build.0 = Release|Any CPU
		{0C9BB256-79D3-4F11-9BDC-DDACFFA21C62}.Debug|Any CPU.ActiveCfg = Debug|Any CPU
		{0C9BB256-79D3-4F11-9BDC-DDACFFA21C62}.Debug|Any CPU.Build.0 = Debug|Any CPU
		{0C9BB256-79D3-4F11-9BDC-DDACFFA21C62}.Release|Any CPU.ActiveCfg = Release|Any CPU
		{0C9BB256-79D3-4F11-9BDC-DDACFFA21C62}.Release|Any CPU.Build.0 = Release|Any CPU
		{5551FE2B-C6F9-4BAE-B3FA-E79281A6ABE2}.Debug|Any CPU.ActiveCfg = Debug|Any CPU
		{5551FE2B-C6F9-4BAE-B3FA-E79281A6ABE2}.Debug|Any CPU.Build.0 = Debug|Any CPU
		{5551FE2B-C6F9-4BAE-B3FA-E79281A6ABE2}.Release|Any CPU.ActiveCfg = Release|Any CPU
		{5551FE2B-C6F9-4BAE-B3FA-E79281A6ABE2}.Release|Any CPU.Build.0 = Release|Any CPU
	EndGlobalSection
	GlobalSection(SolutionProperties) = preSolution
		HideSolutionNode = FALSE
	EndGlobalSection
	GlobalSection(ExtensibilityGlobals) = postSolution
		SolutionGuid = {2A7C514D-049A-4B5D-8140-98F1E29F100E}
	EndGlobalSection
EndGlobal
